<?xml version="1.0" encoding="UTF-8" standalone="yes" ?>
<CodeBlocks_project_file>
	<FileVersion major="1" minor="6" />
	<Project>
		<Option title="self-test" />
		<Option pch_mode="2" />
		<Option compiler="avrgcc" />
		<Build>
			<Target title="Debug">
				<Option output="bin/Debug/self-test.elf" prefix_auto="1" extension_auto="0" />
				<Option object_output="obj/Debug/" />
				<Option type="1" />
				<Option compiler="avrgcc" />
				<Compiler>
					<Add option="-g" />
				</Compiler>
				<Linker>
					<Add directory="../asuro/$(TARGET_OUTPUT_DIR)" />
				</Linker>
			</Target>
			<Target title="Release">
				<Option output="bin/Release/self-test.elf" prefix_auto="1" extension_auto="0" />
				<Option object_output="obj/Release/" />
				<Option type="1" />
				<Option compiler="avrgcc" />
				<Compiler>
					<Add option="-Os" />
				</Compiler>
				<Linker>
					<Add directory="../asuro/$(TARGET_OUTPUT_DIR)" />
				</Linker>
			</Target>
		</Build>
		<Compiler>
			<Add option="-mmcu=atmega8" />
			<Add option="-Os" />
			<Add option="-funsigned-char" />
			<Add option="-funsigned-bitfields" />
			<Add option="-fpack-struct" />
			<Add option="-fshort-enums" />
			<Add option="-ffunction-sections" />
			<Add option="-fdata-sections" />
			<Add option="-DF_CPU=8000000UL" />
			<Add directory="../asuro/include" />
		</Compiler>
		<Linker>
			<Add option="-mmcu=atmega8" />
			<Add option="-Wl,-Map=$(TARGET_OUTPUT_FILE).map,--cref" />
			<Add library="asuro" />
		</Linker>
		<ExtraCommands>
			<Add after="avr-size $(TARGET_OUTPUT_FILE)" />
			<Add after="avr-objcopy -O ihex -R .eeprom -R .eesafe $(TARGET_OUTPUT_FILE) $(TARGET_OUTPUT_FILE).hex" />
			<Add after="avr-objcopy --no-change-warnings -j .eeprom --change-section-lma .eeprom=0 -O ihex $(TARGET_OUTPUT_FILE) $(TARGET_OUTPUT_FILE).eep.hex" />
			<Add after="avr-objcopy -O srec -R .eeprom -R .eesafe $(TARGET_OUTPUT_FILE) $(TARGET_OUTPUT_FILE).srec" />
			<Add after="avr-objcopy --no-change-warnings -j .eeprom --change-section-lma .eeprom=0 -O srec $(TARGET_OUTPUT_FILE) $(TARGET_OUTPUT_FILE).eep.srec" />
			<Add after="avr-objcopy -O binary -R .eeprom -R .eesafe $(TARGET_OUTPUT_FILE) $(TARGET_OUTPUT_FILE).bin" />
			<Add after="avr-objcopy --no-change-warnings -j .eeprom --change-section-lma .eeprom=0 -O binary $(TARGET_OUTPUT_FILE) $(TARGET_OUTPUT_FILE).eep.bin" />
			<Add after="avr-objdump -h -S $(TARGET_OUTPUT_FILE) &gt; $(TARGET_OUTPUT_FILE).lss" />
		</ExtraCommands>
		<Unit filename="Demo.c">
			<Option compilerVar="CC" />
		</Unit>
		<Unit filename="Demo.h" />
		<Unit filename="IRDemo.c">
			<Option compilerVar="CC" />
		</Unit>
		<Unit filename="IRDemo.h" />
		<Unit filename="LineDemo.c">
			<Option compilerVar="CC" />
		</Unit>
		<Unit filename="LineDemo.h" />
		<Unit filename="PCDemo.c">
			<Option compilerVar="CC" />
		</Unit>
		<Unit filename="PCDemo.h" />
		<Unit filename="RechteckDemo.c">
			<Option compilerVar="CC" />
		</Unit>
		<Unit filename="RechteckDemo.h" />
		<Unit filename="SelfTest.c">
			<Option compilerVar="CC" />
		</Unit>
		<Unit filename="SelfTest.h" />
		<Unit filename="Test.c">
			<Option compilerVar="CC" />
		</Unit>
		<Unit filename="Test.h" />
		<Unit filename="main.c">
			<Option compilerVar="CC" />
		</Unit>
		<Extensions>
			<envvars />
			<code_completion />
			<debugger />
		</Extensions>
	</Project>
</CodeBlocks_project_file>
